
Microsoft Visual Studio Solution File, Format Version 12.00
# Visual Studio Version 17
VisualStudioVersion = 17.8.34511.84
MinimumVisualStudioVersion = 10.0.40219.1
Project("{FAE04EC0-301F-11D3-BF4B-00C04F79EFBC}") = "CosmosDbEfCoreDemo.API", "src\CosmosDbEfCoreDemo.API\CosmosDbEfCoreDemo.API.csproj", "{C548F25D-9B8C-43B2-AE67-137C59844B23}"
EndProject
Project("{FAE04EC0-301F-11D3-BF4B-00C04F79EFBC}") = "CosmosDbEfCoreDemo.Domain", "src\CosmosDbEfCoreDemo.Domain\CosmosDbEfCoreDemo.Domain.csproj", "{23853124-E0E7-4159-9183-731E5D21E0E9}"
EndProject
Project("{FAE04EC0-301F-11D3-BF4B-00C04F79EFBC}") = "CosmosDbEfCoreDemo.Infrastructure", "src\CosmosDbEfCoreDemo.Infrastructure\CosmosDbEfCoreDemo.Infrastructure.csproj", "{4D91D035-A81D-4EF6-A851-BAFA75DC064F}"
EndProject
Global
	GlobalSection(SolutionConfigurationPlatforms) = preSolution
		Debug|Any CPU = Debug|Any CPU
		Release|Any CPU = Release|Any CPU
	EndGlobalSection
	GlobalSection(ProjectConfigurationPlatforms) = postSolution
		{C548F25D-9B8C-43B2-AE67-137C59844B23}.Debug|Any CPU.ActiveCfg = Debug|Any CPU
		{C548F25D-9B8C-43B2-AE67-137C59844B23}.Debug|Any CPU.Build.0 = Debug|Any CPU
		{C548F25D-9B8C-43B2-AE67-137C59844B23}.Release|Any CPU.ActiveCfg = Release|Any CPU
		{C548F25D-9B8C-43B2-AE67-137C59844B23}.Release|Any CPU.Build.0 = Release|Any CPU
		{23853124-E0E7-4159-9183-731E5D21E0E9}.Debug|Any CPU.ActiveCfg = Debug|Any CPU
		{23853124-E0E7-4159-9183-731E5D21E0E9}.Debug|Any CPU.Build.0 = Debug|Any CPU
		{23853124-E0E7-4159-9183-731E5D21E0E9}.Release|Any CPU.ActiveCfg = Release|Any CPU
		{23853124-E0E7-4159-9183-731E5D21E0E9}.Release|Any CPU.Build.0 = Release|Any CPU
		{4D91D035-A81D-4EF6-A851-BAFA75DC064F}.Debug|Any CPU.ActiveCfg = Debug|Any CPU
		{4D91D035-A81D-4EF6-A851-BAFA75DC064F}.Debug|Any CPU.Build.0 = Debug|Any CPU
		{4D91D035-A81D-4EF6-A851-BAFA75DC064F}.Release|Any CPU.ActiveCfg = Release|Any CPU
		{4D91D035-A81D-4EF6-A851-BAFA75DC064F}.Release|Any CPU.Build.0 = Release|Any CPU
	EndGlobalSection
	GlobalSection(SolutionProperties) = preSolution
		HideSolutionNode = FALSE
	EndGlobalSection
	GlobalSection(ExtensibilityGlobals) = postSolution
		SolutionGuid = {0C71A479-F5C5-4785-ACF3-35A546419343}
	EndGlobalSection
EndGlobal
